{
  "object": {
    "pins": [
      {
        "package": "SnapKit",
        "repositoryURL": "https://github.com/safiriGitHub/SnapKit.git",
        "state": {
          "branch": "safiri420",
          "revision": "35451fa87d579e65bcf9c16a4a7dd3de987c2d82",
          "version": null
        }
      }
    ]
  },
  "version": 1
}
